
Microsoft Visual Studio Solution File, Format Version 12.00
# Visual Studio Version 17
VisualStudioVersion = 17.8.34601.278
MinimumVisualStudioVersion = 10.0.40219.1
Project("{2150E333-8FDC-42A3-9474-1A3956D46DE8}") = "90 Presentation", "90 Presentation", "{C26A638D-7AA3-43D8-877D-A99CCD44D088}"
EndProject
Project("{9A19103F-16F7-4668-BE54-9A1E7A4F7556}") = "BrewUp.Sales.Rest", "BrewUp.Sales.Rest\BrewUp.Sales.Rest.csproj", "{3F1CF764-1822-4628-808D-BB3EA4468E5D}"
EndProject
Project("{2150E333-8FDC-42A3-9474-1A3956D46DE8}") = "10 Domain", "10 Domain", "{5BEBE2AA-D563-43F5-BC0C-627696691FD6}"
EndProject
Project("{2150E333-8FDC-42A3-9474-1A3956D46DE8}") = "30 Shared", "30 Shared", "{0A97B4B7-F6F0-46B5-A0BE-D3B19EDD8037}"
EndProject
Project("{2150E333-8FDC-42A3-9474-1A3956D46DE8}") = "40 ReadModel", "40 ReadModel", "{9121A29A-4097-422E-B039-8325FA2E67B8}"
EndProject
Project("{2150E333-8FDC-42A3-9474-1A3956D46DE8}") = "80 Infrastructures", "80 Infrastructures", "{F785C13E-2F76-4B4E-98E0-A0045E5D6953}"
EndProject
Project("{2150E333-8FDC-42A3-9474-1A3956D46DE8}") = "50 Facade", "50 Facade", "{49BB8C56-05B8-4193-96E2-88140E2A0D4B}"
EndProject
Project("{9A19103F-16F7-4668-BE54-9A1E7A4F7556}") = "BrewUp.Sales.Facade", "BrewUp.Sales.Facade\BrewUp.Sales.Facade.csproj", "{4643C248-BBB9-444E-A274-FC2483ADE588}"
EndProject
Project("{2150E333-8FDC-42A3-9474-1A3956D46DE8}") = "Tests", "Tests", "{13037BE6-3D77-44C9-847B-1A72642A8F69}"
EndProject
Project("{9A19103F-16F7-4668-BE54-9A1E7A4F7556}") = "BrewUp.Sales.Domain", "BrewUp.Sales.Domain\BrewUp.Sales.Domain.csproj", "{56F9B4FE-A5F1-499F-AAD0-FF6A8C8256F1}"
EndProject
Project("{9A19103F-16F7-4668-BE54-9A1E7A4F7556}") = "BrewUp.Sales.Domain.Tests", "BrewUp.Sales.Domain.Tests\BrewUp.Sales.Domain.Tests.csproj", "{6AE10570-CF09-4C4C-A41E-0AC0BE7F555B}"
EndProject
Project("{9A19103F-16F7-4668-BE54-9A1E7A4F7556}") = "BrewUp.Sales.SharedKernel", "BrewUp.Sales.SharedKernel\BrewUp.Sales.SharedKernel.csproj", "{DCE58999-386C-43EF-A677-DA24BE541EEF}"
EndProject
Project("{9A19103F-16F7-4668-BE54-9A1E7A4F7556}") = "BrewUp.Sales.Infrastructures", "BrewUp.Sales.Infrastructures\BrewUp.Sales.Infrastructures.csproj", "{E0B80C8F-798F-47BD-B24E-37A78620CA22}"
EndProject
Project("{9A19103F-16F7-4668-BE54-9A1E7A4F7556}") = "BrewUp.Sales.ReadModel", "BrewUp.Sales.ReadModel\BrewUp.Sales.ReadModel.csproj", "{55BF3BD3-9D5E-46BE-AE3F-4622A6BA7050}"
EndProject
Project("{9A19103F-16F7-4668-BE54-9A1E7A4F7556}") = "BrewUp.Shared", "BrewUp.Shared\BrewUp.Shared.csproj", "{31732DC0-F548-4412-8F30-91841FBD9FC9}"
EndProject
Project("{9A19103F-16F7-4668-BE54-9A1E7A4F7556}") = "BrewUp.Sales.Acl", "BrewUp.Sales.Acl\BrewUp.Sales.Acl.csproj", "{340E1F21-3A2C-4DB3-A1BF-882CCD71567D}"
EndProject
Global
	GlobalSection(SolutionConfigurationPlatforms) = preSolution
		Debug|Any CPU = Debug|Any CPU
		Release|Any CPU = Release|Any CPU
	EndGlobalSection
	GlobalSection(ProjectConfigurationPlatforms) = postSolution
		{3F1CF764-1822-4628-808D-BB3EA4468E5D}.Debug|Any CPU.ActiveCfg = Debug|Any CPU
		{3F1CF764-1822-4628-808D-BB3EA4468E5D}.Debug|Any CPU.Build.0 = Debug|Any CPU
		{3F1CF764-1822-4628-808D-BB3EA4468E5D}.Release|Any CPU.ActiveCfg = Release|Any CPU
		{3F1CF764-1822-4628-808D-BB3EA4468E5D}.Release|Any CPU.Build.0 = Release|Any CPU
		{4643C248-BBB9-444E-A274-FC2483ADE588}.Debug|Any CPU.ActiveCfg = Debug|Any CPU
		{4643C248-BBB9-444E-A274-FC2483ADE588}.Debug|Any CPU.Build.0 = Debug|Any CPU
		{4643C248-BBB9-444E-A274-FC2483ADE588}.Release|Any CPU.ActiveCfg = Release|Any CPU
		{4643C248-BBB9-444E-A274-FC2483ADE588}.Release|Any CPU.Build.0 = Release|Any CPU
		{56F9B4FE-A5F1-499F-AAD0-FF6A8C8256F1}.Debug|Any CPU.ActiveCfg = Debug|Any CPU
		{56F9B4FE-A5F1-499F-AAD0-FF6A8C8256F1}.Debug|Any CPU.Build.0 = Debug|Any CPU
		{56F9B4FE-A5F1-499F-AAD0-FF6A8C8256F1}.Release|Any CPU.ActiveCfg = Release|Any CPU
		{56F9B4FE-A5F1-499F-AAD0-FF6A8C8256F1}.Release|Any CPU.Build.0 = Release|Any CPU
		{6AE10570-CF09-4C4C-A41E-0AC0BE7F555B}.Debug|Any CPU.ActiveCfg = Debug|Any CPU
		{6AE10570-CF09-4C4C-A41E-0AC0BE7F555B}.Debug|Any CPU.Build.0 = Debug|Any CPU
		{6AE10570-CF09-4C4C-A41E-0AC0BE7F555B}.Release|Any CPU.ActiveCfg = Release|Any CPU
		{6AE10570-CF09-4C4C-A41E-0AC0BE7F555B}.Release|Any CPU.Build.0 = Release|Any CPU
		{DCE58999-386C-43EF-A677-DA24BE541EEF}.Debug|Any CPU.ActiveCfg = Debug|Any CPU
		{DCE58999-386C-43EF-A677-DA24BE541EEF}.Debug|Any CPU.Build.0 = Debug|Any CPU
		{DCE58999-386C-43EF-A677-DA24BE541EEF}.Release|Any CPU.ActiveCfg = Release|Any CPU
		{DCE58999-386C-43EF-A677-DA24BE541EEF}.Release|Any CPU.Build.0 = Release|Any CPU
		{E0B80C8F-798F-47BD-B24E-37A78620CA22}.Debug|Any CPU.ActiveCfg = Debug|Any CPU
		{E0B80C8F-798F-47BD-B24E-37A78620CA22}.Debug|Any CPU.Build.0 = Debug|Any CPU
		{E0B80C8F-798F-47BD-B24E-37A78620CA22}.Release|Any CPU.ActiveCfg = Release|Any CPU
		{E0B80C8F-798F-47BD-B24E-37A78620CA22}.Release|Any CPU.Build.0 = Release|Any CPU
		{55BF3BD3-9D5E-46BE-AE3F-4622A6BA7050}.Debug|Any CPU.ActiveCfg = Debug|Any CPU
		{55BF3BD3-9D5E-46BE-AE3F-4622A6BA7050}.Debug|Any CPU.Build.0 = Debug|Any CPU
		{55BF3BD3-9D5E-46BE-AE3F-4622A6BA7050}.Release|Any CPU.ActiveCfg = Release|Any CPU
		{55BF3BD3-9D5E-46BE-AE3F-4622A6BA7050}.Release|Any CPU.Build.0 = Release|Any CPU
		{31732DC0-F548-4412-8F30-91841FBD9FC9}.Debug|Any CPU.ActiveCfg = Debug|Any CPU
		{31732DC0-F548-4412-8F30-91841FBD9FC9}.Debug|Any CPU.Build.0 = Debug|Any CPU
		{31732DC0-F548-4412-8F30-91841FBD9FC9}.Release|Any CPU.ActiveCfg = Release|Any CPU
		{31732DC0-F548-4412-8F30-91841FBD9FC9}.Release|Any CPU.Build.0 = Release|Any CPU
		{340E1F21-3A2C-4DB3-A1BF-882CCD71567D}.Debug|Any CPU.ActiveCfg = Debug|Any CPU
		{340E1F21-3A2C-4DB3-A1BF-882CCD71567D}.Debug|Any CPU.Build.0 = Debug|Any CPU
		{340E1F21-3A2C-4DB3-A1BF-882CCD71567D}.Release|Any CPU.ActiveCfg = Release|Any CPU
		{340E1F21-3A2C-4DB3-A1BF-882CCD71567D}.Release|Any CPU.Build.0 = Release|Any CPU
	EndGlobalSection
	GlobalSection(SolutionProperties) = preSolution
		HideSolutionNode = FALSE
	EndGlobalSection
	GlobalSection(NestedProjects) = preSolution
		{3F1CF764-1822-4628-808D-BB3EA4468E5D} = {C26A638D-7AA3-43D8-877D-A99CCD44D088}
		{4643C248-BBB9-444E-A274-FC2483ADE588} = {49BB8C56-05B8-4193-96E2-88140E2A0D4B}
		{13037BE6-3D77-44C9-847B-1A72642A8F69} = {5BEBE2AA-D563-43F5-BC0C-627696691FD6}
		{56F9B4FE-A5F1-499F-AAD0-FF6A8C8256F1} = {5BEBE2AA-D563-43F5-BC0C-627696691FD6}
		{6AE10570-CF09-4C4C-A41E-0AC0BE7F555B} = {13037BE6-3D77-44C9-847B-1A72642A8F69}
		{DCE58999-386C-43EF-A677-DA24BE541EEF} = {0A97B4B7-F6F0-46B5-A0BE-D3B19EDD8037}
		{E0B80C8F-798F-47BD-B24E-37A78620CA22} = {F785C13E-2F76-4B4E-98E0-A0045E5D6953}
		{55BF3BD3-9D5E-46BE-AE3F-4622A6BA7050} = {9121A29A-4097-422E-B039-8325FA2E67B8}
		{31732DC0-F548-4412-8F30-91841FBD9FC9} = {0A97B4B7-F6F0-46B5-A0BE-D3B19EDD8037}
		{340E1F21-3A2C-4DB3-A1BF-882CCD71567D} = {49BB8C56-05B8-4193-96E2-88140E2A0D4B}
	EndGlobalSection
	GlobalSection(ExtensibilityGlobals) = postSolution
		SolutionGuid = {8F5EA6FF-1F3C-44E5-BD5C-BAC3AC4625E6}
	EndGlobalSection
EndGlobal
