
Microsoft Visual Studio Solution File, Format Version 12.00
# Visual Studio Version 17
VisualStudioVersion = 17.8.34330.188
MinimumVisualStudioVersion = 10.0.40219.1
Project("{2150E333-8FDC-42A3-9474-1A3956D46DE8}") = "90 Presentation", "90 Presentation", "{F0CF26CA-E07D-4ED2-9F9A-23A3BBAC32D0}"
EndProject
Project("{2150E333-8FDC-42A3-9474-1A3956D46DE8}") = "30 Shared", "30 Shared", "{EB4F8440-01B4-41D1-A0E7-52758383FB55}"
EndProject
Project("{2150E333-8FDC-42A3-9474-1A3956D46DE8}") = "80 Infrastructure", "80 Infrastructure", "{BBB9C9F5-C07A-4EF1-AB54-0A843A7D1E76}"
EndProject
Project("{2150E333-8FDC-42A3-9474-1A3956D46DE8}") = "Tests", "Tests", "{577018FA-0822-4583-B08C-2047EF25E554}"
EndProject
Project("{9A19103F-16F7-4668-BE54-9A1E7A4F7556}") = "BrewUp.Shared", "BrewUp.Shared\BrewUp.Shared.csproj", "{885F073B-8538-4FB9-A694-6E87378781FB}"
EndProject
Project("{9A19103F-16F7-4668-BE54-9A1E7A4F7556}") = "BrewUp.Infrastructure", "BrewUp.Infrastructure\BrewUp.Infrastructure.csproj", "{9A547266-6876-4E22-A850-4F9D30E83BAC}"
EndProject
Project("{9A19103F-16F7-4668-BE54-9A1E7A4F7556}") = "BrewUp.Rest", "BrewUp.Rest\BrewUp.Rest.csproj", "{E6010217-DDD5-477D-96E9-C2473C16FB9E}"
EndProject
Project("{9A19103F-16F7-4668-BE54-9A1E7A4F7556}") = "BrewUp.Rest.Tests", "BrewUp.Rest.Tests\BrewUp.Rest.Tests.csproj", "{047D0F4F-E99D-4FF7-A5E9-C573F0385343}"
EndProject
Project("{2150E333-8FDC-42A3-9474-1A3956D46DE8}") = "40 Domain", "40 Domain", "{42C61FC2-1D10-4FCD-844D-C150DBF02B32}"
EndProject
Project("{9A19103F-16F7-4668-BE54-9A1E7A4F7556}") = "BrewUp.DomainModel", "BrewUp.DomainModel\BrewUp.DomainModel.csproj", "{919D8CB7-F79B-438F-8D0A-6A5D43FC96C2}"
EndProject
Project("{2150E333-8FDC-42A3-9474-1A3956D46DE8}") = "50 ReadModel", "50 ReadModel", "{9012DE90-2C26-4965-885F-B6D39894A7F4}"
EndProject
Project("{9A19103F-16F7-4668-BE54-9A1E7A4F7556}") = "BrewUp.ReadModel", "BrewUp.ReadModel\BrewUp.ReadModel.csproj", "{BD021878-A03E-4856-B617-C235290809E9}"
EndProject
Project("{2150E333-8FDC-42A3-9474-1A3956D46DE8}") = "70 ApplicationService", "70 ApplicationService", "{FC7C7188-A559-4391-880F-1003A66AAC54}"
EndProject
Project("{FAE04EC0-301F-11D3-BF4B-00C04F79EFBC}") = "BrewUp.ApplicationServices", "BrewUp.ApplicationServices\BrewUp.ApplicationServices.csproj", "{1A739BD7-4EB6-4235-B7E6-13F53924CB47}"
EndProject
Global
	GlobalSection(SolutionConfigurationPlatforms) = preSolution
		Debug|Any CPU = Debug|Any CPU
		Release|Any CPU = Release|Any CPU
	EndGlobalSection
	GlobalSection(ProjectConfigurationPlatforms) = postSolution
		{885F073B-8538-4FB9-A694-6E87378781FB}.Debug|Any CPU.ActiveCfg = Debug|Any CPU
		{885F073B-8538-4FB9-A694-6E87378781FB}.Debug|Any CPU.Build.0 = Debug|Any CPU
		{885F073B-8538-4FB9-A694-6E87378781FB}.Release|Any CPU.ActiveCfg = Release|Any CPU
		{885F073B-8538-4FB9-A694-6E87378781FB}.Release|Any CPU.Build.0 = Release|Any CPU
		{9A547266-6876-4E22-A850-4F9D30E83BAC}.Debug|Any CPU.ActiveCfg = Debug|Any CPU
		{9A547266-6876-4E22-A850-4F9D30E83BAC}.Debug|Any CPU.Build.0 = Debug|Any CPU
		{9A547266-6876-4E22-A850-4F9D30E83BAC}.Release|Any CPU.ActiveCfg = Release|Any CPU
		{9A547266-6876-4E22-A850-4F9D30E83BAC}.Release|Any CPU.Build.0 = Release|Any CPU
		{E6010217-DDD5-477D-96E9-C2473C16FB9E}.Debug|Any CPU.ActiveCfg = Debug|Any CPU
		{E6010217-DDD5-477D-96E9-C2473C16FB9E}.Debug|Any CPU.Build.0 = Debug|Any CPU
		{E6010217-DDD5-477D-96E9-C2473C16FB9E}.Release|Any CPU.ActiveCfg = Release|Any CPU
		{E6010217-DDD5-477D-96E9-C2473C16FB9E}.Release|Any CPU.Build.0 = Release|Any CPU
		{047D0F4F-E99D-4FF7-A5E9-C573F0385343}.Debug|Any CPU.ActiveCfg = Debug|Any CPU
		{047D0F4F-E99D-4FF7-A5E9-C573F0385343}.Debug|Any CPU.Build.0 = Debug|Any CPU
		{047D0F4F-E99D-4FF7-A5E9-C573F0385343}.Release|Any CPU.ActiveCfg = Release|Any CPU
		{047D0F4F-E99D-4FF7-A5E9-C573F0385343}.Release|Any CPU.Build.0 = Release|Any CPU
		{919D8CB7-F79B-438F-8D0A-6A5D43FC96C2}.Debug|Any CPU.ActiveCfg = Debug|Any CPU
		{919D8CB7-F79B-438F-8D0A-6A5D43FC96C2}.Debug|Any CPU.Build.0 = Debug|Any CPU
		{919D8CB7-F79B-438F-8D0A-6A5D43FC96C2}.Release|Any CPU.ActiveCfg = Release|Any CPU
		{919D8CB7-F79B-438F-8D0A-6A5D43FC96C2}.Release|Any CPU.Build.0 = Release|Any CPU
		{BD021878-A03E-4856-B617-C235290809E9}.Debug|Any CPU.ActiveCfg = Debug|Any CPU
		{BD021878-A03E-4856-B617-C235290809E9}.Debug|Any CPU.Build.0 = Debug|Any CPU
		{BD021878-A03E-4856-B617-C235290809E9}.Release|Any CPU.ActiveCfg = Release|Any CPU
		{BD021878-A03E-4856-B617-C235290809E9}.Release|Any CPU.Build.0 = Release|Any CPU
		{1A739BD7-4EB6-4235-B7E6-13F53924CB47}.Debug|Any CPU.ActiveCfg = Debug|Any CPU
		{1A739BD7-4EB6-4235-B7E6-13F53924CB47}.Debug|Any CPU.Build.0 = Debug|Any CPU
		{1A739BD7-4EB6-4235-B7E6-13F53924CB47}.Release|Any CPU.ActiveCfg = Release|Any CPU
		{1A739BD7-4EB6-4235-B7E6-13F53924CB47}.Release|Any CPU.Build.0 = Release|Any CPU
	EndGlobalSection
	GlobalSection(SolutionProperties) = preSolution
		HideSolutionNode = FALSE
	EndGlobalSection
	GlobalSection(NestedProjects) = preSolution
		{577018FA-0822-4583-B08C-2047EF25E554} = {F0CF26CA-E07D-4ED2-9F9A-23A3BBAC32D0}
		{885F073B-8538-4FB9-A694-6E87378781FB} = {EB4F8440-01B4-41D1-A0E7-52758383FB55}
		{9A547266-6876-4E22-A850-4F9D30E83BAC} = {BBB9C9F5-C07A-4EF1-AB54-0A843A7D1E76}
		{E6010217-DDD5-477D-96E9-C2473C16FB9E} = {F0CF26CA-E07D-4ED2-9F9A-23A3BBAC32D0}
		{047D0F4F-E99D-4FF7-A5E9-C573F0385343} = {577018FA-0822-4583-B08C-2047EF25E554}
		{919D8CB7-F79B-438F-8D0A-6A5D43FC96C2} = {42C61FC2-1D10-4FCD-844D-C150DBF02B32}
		{BD021878-A03E-4856-B617-C235290809E9} = {9012DE90-2C26-4965-885F-B6D39894A7F4}
		{1A739BD7-4EB6-4235-B7E6-13F53924CB47} = {FC7C7188-A559-4391-880F-1003A66AAC54}
	EndGlobalSection
	GlobalSection(ExtensibilityGlobals) = postSolution
		SolutionGuid = {0D64E812-8929-4A40-AA7D-CD28DB67CA9C}
	EndGlobalSection
EndGlobal
