
Microsoft Visual Studio Solution File, Format Version 12.00
# Visual Studio Version 17
VisualStudioVersion = 17.8.34330.188
MinimumVisualStudioVersion = 10.0.40219.1
Project("{2150E333-8FDC-42A3-9474-1A3956D46DE8}") = "90 Presentation", "90 Presentation", "{F0CF26CA-E07D-4ED2-9F9A-23A3BBAC32D0}"
EndProject
Project("{2150E333-8FDC-42A3-9474-1A3956D46DE8}") = "50 Modules", "50 Modules", "{270BE04B-6371-4763-A178-03F7A21CD332}"
EndProject
Project("{2150E333-8FDC-42A3-9474-1A3956D46DE8}") = "Sales", "Sales", "{D899DE3D-C8B9-45EC-950F-28A601ABD27A}"
EndProject
Project("{2150E333-8FDC-42A3-9474-1A3956D46DE8}") = "Warehouses", "Warehouses", "{3694CB03-EFCB-4FF6-A86B-78A12E8323A2}"
EndProject
Project("{2150E333-8FDC-42A3-9474-1A3956D46DE8}") = "Mediator", "Mediator", "{F1EFAB27-093C-4115-9DCB-5830903DEB6C}"
EndProject
Project("{2150E333-8FDC-42A3-9474-1A3956D46DE8}") = "30 Shared", "30 Shared", "{EB4F8440-01B4-41D1-A0E7-52758383FB55}"
EndProject
Project("{2150E333-8FDC-42A3-9474-1A3956D46DE8}") = "80 Infrastructure", "80 Infrastructure", "{BBB9C9F5-C07A-4EF1-AB54-0A843A7D1E76}"
EndProject
Project("{2150E333-8FDC-42A3-9474-1A3956D46DE8}") = "Tests", "Tests", "{577018FA-0822-4583-B08C-2047EF25E554}"
EndProject
Project("{2150E333-8FDC-42A3-9474-1A3956D46DE8}") = "Tests", "Tests", "{6CDA58FC-29E7-4038-A8ED-07FC2FFBA172}"
EndProject
Project("{2150E333-8FDC-42A3-9474-1A3956D46DE8}") = "Tests", "Tests", "{7B8DD8FC-6CE9-4A07-998E-B5ECA2BB27B5}"
EndProject
Project("{9A19103F-16F7-4668-BE54-9A1E7A4F7556}") = "BrewUp.Warehouses.Infrastructures", "Warehouses\BrewUp.Warehouses.Infrastructures\BrewUp.Warehouses.Infrastructures.csproj", "{833C370D-99D7-4AB4-97D5-CF0B7CB07F93}"
EndProject
Project("{9A19103F-16F7-4668-BE54-9A1E7A4F7556}") = "BrewUp.Warehouses.Domain", "Warehouses\BrewUp.Warehouses.Domain\BrewUp.Warehouses.Domain.csproj", "{5D3EC095-F568-4251-9185-77CC7A6F26A6}"
EndProject
Project("{9A19103F-16F7-4668-BE54-9A1E7A4F7556}") = "BrewUp.Warehouses.Facade", "Warehouses\BrewUp.Warehouses.Facade\BrewUp.Warehouses.Facade.csproj", "{87988469-1633-4A68-A865-D20CBE69A4FC}"
EndProject
Project("{9A19103F-16F7-4668-BE54-9A1E7A4F7556}") = "BrewUp.Warehouses.SharedKernel", "Warehouses\BrewUp.Warehouses.SharedKernel\BrewUp.Warehouses.SharedKernel.csproj", "{B695B60D-9541-4880-8D82-394154DDA033}"
EndProject
Project("{9A19103F-16F7-4668-BE54-9A1E7A4F7556}") = "BrewUp.Shared", "BrewUp.Shared\BrewUp.Shared.csproj", "{885F073B-8538-4FB9-A694-6E87378781FB}"
EndProject
Project("{9A19103F-16F7-4668-BE54-9A1E7A4F7556}") = "BrewUp.Infrastructure", "BrewUp.Infrastructure\BrewUp.Infrastructure.csproj", "{9A547266-6876-4E22-A850-4F9D30E83BAC}"
EndProject
Project("{9A19103F-16F7-4668-BE54-9A1E7A4F7556}") = "BrewUp.Rest", "BrewUp.Rest\BrewUp.Rest.csproj", "{E6010217-DDD5-477D-96E9-C2473C16FB9E}"
EndProject
Project("{9A19103F-16F7-4668-BE54-9A1E7A4F7556}") = "BrewUp.Rest.Tests", "BrewUp.Rest.Tests\BrewUp.Rest.Tests.csproj", "{047D0F4F-E99D-4FF7-A5E9-C573F0385343}"
EndProject
Project("{9A19103F-16F7-4668-BE54-9A1E7A4F7556}") = "BrewUp.Mediator", "BrewUp.Mediator\BrewUp.Mediator.csproj", "{D19EE0EB-8802-4889-AA36-93B6ECB08507}"
EndProject
Project("{9A19103F-16F7-4668-BE54-9A1E7A4F7556}") = "BrewUp.Sales.Domain", "Sales\BrewUp.Sales.Domain\BrewUp.Sales.Domain.csproj", "{07BE847B-6231-4CC3-AB63-0982AC1F0277}"
EndProject
Project("{9A19103F-16F7-4668-BE54-9A1E7A4F7556}") = "BrewUp.Sales.Facade", "Sales\BrewUp.Sales.Facade\BrewUp.Sales.Facade.csproj", "{207755DA-1C84-4470-827B-689C885DA084}"
EndProject
Project("{9A19103F-16F7-4668-BE54-9A1E7A4F7556}") = "BrewUp.Sales.Infrastructures", "Sales\BrewUp.Sales.Infrastructures\BrewUp.Sales.Infrastructures.csproj", "{F842DF5A-A4E2-4374-A485-939C4D431882}"
EndProject
Project("{9A19103F-16F7-4668-BE54-9A1E7A4F7556}") = "BrewUp.Sales.ReadModel", "Sales\BrewUp.Sales.ReadModel\BrewUp.Sales.ReadModel.csproj", "{2914B179-7DEC-49C0-8FEF-C70BA235DB3B}"
EndProject
Project("{9A19103F-16F7-4668-BE54-9A1E7A4F7556}") = "BrewUp.Sales.SharedKernel", "Sales\BrewUp.Sales.SharedKernel\BrewUp.Sales.SharedKernel.csproj", "{0CD0F437-0164-45A5-8470-DC1E305AF771}"
EndProject
Project("{9A19103F-16F7-4668-BE54-9A1E7A4F7556}") = "BrewUp.Warehouses.ReadModel", "Warehouses\BrewUp.Warehouses.ReadModel\BrewUp.Warehouses.ReadModel.csproj", "{1DD81C1D-8837-4679-A369-883CA486A277}"
EndProject
Project("{FAE04EC0-301F-11D3-BF4B-00C04F79EFBC}") = "BrewUp.Warehouses.Architecture.Tests", "Warehouses\BrewUp.Warehouses.Architecture.Tests\BrewUp.Warehouses.Architecture.Tests.csproj", "{7C22ED08-735D-48D5-8DB7-D04C31A200F1}"
EndProject
Project("{FAE04EC0-301F-11D3-BF4B-00C04F79EFBC}") = "BrewUp.Sales.Architecture.Tests", "Sales\BrewUp.Sales.Architecture.Tests\BrewUp.Sales.Architecture.Tests.csproj", "{2EA0E942-EF2B-4C79-9FF6-CC16A6BC904E}"
EndProject
Global
	GlobalSection(SolutionConfigurationPlatforms) = preSolution
		Debug|Any CPU = Debug|Any CPU
		Release|Any CPU = Release|Any CPU
	EndGlobalSection
	GlobalSection(ProjectConfigurationPlatforms) = postSolution
		{833C370D-99D7-4AB4-97D5-CF0B7CB07F93}.Debug|Any CPU.ActiveCfg = Debug|Any CPU
		{833C370D-99D7-4AB4-97D5-CF0B7CB07F93}.Debug|Any CPU.Build.0 = Debug|Any CPU
		{833C370D-99D7-4AB4-97D5-CF0B7CB07F93}.Release|Any CPU.ActiveCfg = Release|Any CPU
		{833C370D-99D7-4AB4-97D5-CF0B7CB07F93}.Release|Any CPU.Build.0 = Release|Any CPU
		{5D3EC095-F568-4251-9185-77CC7A6F26A6}.Debug|Any CPU.ActiveCfg = Debug|Any CPU
		{5D3EC095-F568-4251-9185-77CC7A6F26A6}.Debug|Any CPU.Build.0 = Debug|Any CPU
		{5D3EC095-F568-4251-9185-77CC7A6F26A6}.Release|Any CPU.ActiveCfg = Release|Any CPU
		{5D3EC095-F568-4251-9185-77CC7A6F26A6}.Release|Any CPU.Build.0 = Release|Any CPU
		{87988469-1633-4A68-A865-D20CBE69A4FC}.Debug|Any CPU.ActiveCfg = Debug|Any CPU
		{87988469-1633-4A68-A865-D20CBE69A4FC}.Debug|Any CPU.Build.0 = Debug|Any CPU
		{87988469-1633-4A68-A865-D20CBE69A4FC}.Release|Any CPU.ActiveCfg = Release|Any CPU
		{87988469-1633-4A68-A865-D20CBE69A4FC}.Release|Any CPU.Build.0 = Release|Any CPU
		{B695B60D-9541-4880-8D82-394154DDA033}.Debug|Any CPU.ActiveCfg = Debug|Any CPU
		{B695B60D-9541-4880-8D82-394154DDA033}.Debug|Any CPU.Build.0 = Debug|Any CPU
		{B695B60D-9541-4880-8D82-394154DDA033}.Release|Any CPU.ActiveCfg = Release|Any CPU
		{B695B60D-9541-4880-8D82-394154DDA033}.Release|Any CPU.Build.0 = Release|Any CPU
		{885F073B-8538-4FB9-A694-6E87378781FB}.Debug|Any CPU.ActiveCfg = Debug|Any CPU
		{885F073B-8538-4FB9-A694-6E87378781FB}.Debug|Any CPU.Build.0 = Debug|Any CPU
		{885F073B-8538-4FB9-A694-6E87378781FB}.Release|Any CPU.ActiveCfg = Release|Any CPU
		{885F073B-8538-4FB9-A694-6E87378781FB}.Release|Any CPU.Build.0 = Release|Any CPU
		{9A547266-6876-4E22-A850-4F9D30E83BAC}.Debug|Any CPU.ActiveCfg = Debug|Any CPU
		{9A547266-6876-4E22-A850-4F9D30E83BAC}.Debug|Any CPU.Build.0 = Debug|Any CPU
		{9A547266-6876-4E22-A850-4F9D30E83BAC}.Release|Any CPU.ActiveCfg = Release|Any CPU
		{9A547266-6876-4E22-A850-4F9D30E83BAC}.Release|Any CPU.Build.0 = Release|Any CPU
		{E6010217-DDD5-477D-96E9-C2473C16FB9E}.Debug|Any CPU.ActiveCfg = Debug|Any CPU
		{E6010217-DDD5-477D-96E9-C2473C16FB9E}.Debug|Any CPU.Build.0 = Debug|Any CPU
		{E6010217-DDD5-477D-96E9-C2473C16FB9E}.Release|Any CPU.ActiveCfg = Release|Any CPU
		{E6010217-DDD5-477D-96E9-C2473C16FB9E}.Release|Any CPU.Build.0 = Release|Any CPU
		{047D0F4F-E99D-4FF7-A5E9-C573F0385343}.Debug|Any CPU.ActiveCfg = Debug|Any CPU
		{047D0F4F-E99D-4FF7-A5E9-C573F0385343}.Debug|Any CPU.Build.0 = Debug|Any CPU
		{047D0F4F-E99D-4FF7-A5E9-C573F0385343}.Release|Any CPU.ActiveCfg = Release|Any CPU
		{047D0F4F-E99D-4FF7-A5E9-C573F0385343}.Release|Any CPU.Build.0 = Release|Any CPU
		{D19EE0EB-8802-4889-AA36-93B6ECB08507}.Debug|Any CPU.ActiveCfg = Debug|Any CPU
		{D19EE0EB-8802-4889-AA36-93B6ECB08507}.Debug|Any CPU.Build.0 = Debug|Any CPU
		{D19EE0EB-8802-4889-AA36-93B6ECB08507}.Release|Any CPU.ActiveCfg = Release|Any CPU
		{D19EE0EB-8802-4889-AA36-93B6ECB08507}.Release|Any CPU.Build.0 = Release|Any CPU
		{07BE847B-6231-4CC3-AB63-0982AC1F0277}.Debug|Any CPU.ActiveCfg = Debug|Any CPU
		{07BE847B-6231-4CC3-AB63-0982AC1F0277}.Debug|Any CPU.Build.0 = Debug|Any CPU
		{07BE847B-6231-4CC3-AB63-0982AC1F0277}.Release|Any CPU.ActiveCfg = Release|Any CPU
		{07BE847B-6231-4CC3-AB63-0982AC1F0277}.Release|Any CPU.Build.0 = Release|Any CPU
		{207755DA-1C84-4470-827B-689C885DA084}.Debug|Any CPU.ActiveCfg = Debug|Any CPU
		{207755DA-1C84-4470-827B-689C885DA084}.Debug|Any CPU.Build.0 = Debug|Any CPU
		{207755DA-1C84-4470-827B-689C885DA084}.Release|Any CPU.ActiveCfg = Release|Any CPU
		{207755DA-1C84-4470-827B-689C885DA084}.Release|Any CPU.Build.0 = Release|Any CPU
		{F842DF5A-A4E2-4374-A485-939C4D431882}.Debug|Any CPU.ActiveCfg = Debug|Any CPU
		{F842DF5A-A4E2-4374-A485-939C4D431882}.Debug|Any CPU.Build.0 = Debug|Any CPU
		{F842DF5A-A4E2-4374-A485-939C4D431882}.Release|Any CPU.ActiveCfg = Release|Any CPU
		{F842DF5A-A4E2-4374-A485-939C4D431882}.Release|Any CPU.Build.0 = Release|Any CPU
		{2914B179-7DEC-49C0-8FEF-C70BA235DB3B}.Debug|Any CPU.ActiveCfg = Debug|Any CPU
		{2914B179-7DEC-49C0-8FEF-C70BA235DB3B}.Debug|Any CPU.Build.0 = Debug|Any CPU
		{2914B179-7DEC-49C0-8FEF-C70BA235DB3B}.Release|Any CPU.ActiveCfg = Release|Any CPU
		{2914B179-7DEC-49C0-8FEF-C70BA235DB3B}.Release|Any CPU.Build.0 = Release|Any CPU
		{0CD0F437-0164-45A5-8470-DC1E305AF771}.Debug|Any CPU.ActiveCfg = Debug|Any CPU
		{0CD0F437-0164-45A5-8470-DC1E305AF771}.Debug|Any CPU.Build.0 = Debug|Any CPU
		{0CD0F437-0164-45A5-8470-DC1E305AF771}.Release|Any CPU.ActiveCfg = Release|Any CPU
		{0CD0F437-0164-45A5-8470-DC1E305AF771}.Release|Any CPU.Build.0 = Release|Any CPU
		{1DD81C1D-8837-4679-A369-883CA486A277}.Debug|Any CPU.ActiveCfg = Debug|Any CPU
		{1DD81C1D-8837-4679-A369-883CA486A277}.Debug|Any CPU.Build.0 = Debug|Any CPU
		{1DD81C1D-8837-4679-A369-883CA486A277}.Release|Any CPU.ActiveCfg = Release|Any CPU
		{1DD81C1D-8837-4679-A369-883CA486A277}.Release|Any CPU.Build.0 = Release|Any CPU
		{7C22ED08-735D-48D5-8DB7-D04C31A200F1}.Debug|Any CPU.ActiveCfg = Debug|Any CPU
		{7C22ED08-735D-48D5-8DB7-D04C31A200F1}.Debug|Any CPU.Build.0 = Debug|Any CPU
		{7C22ED08-735D-48D5-8DB7-D04C31A200F1}.Release|Any CPU.ActiveCfg = Release|Any CPU
		{7C22ED08-735D-48D5-8DB7-D04C31A200F1}.Release|Any CPU.Build.0 = Release|Any CPU
		{2EA0E942-EF2B-4C79-9FF6-CC16A6BC904E}.Debug|Any CPU.ActiveCfg = Debug|Any CPU
		{2EA0E942-EF2B-4C79-9FF6-CC16A6BC904E}.Debug|Any CPU.Build.0 = Debug|Any CPU
		{2EA0E942-EF2B-4C79-9FF6-CC16A6BC904E}.Release|Any CPU.ActiveCfg = Release|Any CPU
		{2EA0E942-EF2B-4C79-9FF6-CC16A6BC904E}.Release|Any CPU.Build.0 = Release|Any CPU
	EndGlobalSection
	GlobalSection(SolutionProperties) = preSolution
		HideSolutionNode = FALSE
	EndGlobalSection
	GlobalSection(NestedProjects) = preSolution
		{D899DE3D-C8B9-45EC-950F-28A601ABD27A} = {270BE04B-6371-4763-A178-03F7A21CD332}
		{3694CB03-EFCB-4FF6-A86B-78A12E8323A2} = {270BE04B-6371-4763-A178-03F7A21CD332}
		{F1EFAB27-093C-4115-9DCB-5830903DEB6C} = {270BE04B-6371-4763-A178-03F7A21CD332}
		{577018FA-0822-4583-B08C-2047EF25E554} = {F0CF26CA-E07D-4ED2-9F9A-23A3BBAC32D0}
		{6CDA58FC-29E7-4038-A8ED-07FC2FFBA172} = {3694CB03-EFCB-4FF6-A86B-78A12E8323A2}
		{7B8DD8FC-6CE9-4A07-998E-B5ECA2BB27B5} = {D899DE3D-C8B9-45EC-950F-28A601ABD27A}
		{833C370D-99D7-4AB4-97D5-CF0B7CB07F93} = {3694CB03-EFCB-4FF6-A86B-78A12E8323A2}
		{5D3EC095-F568-4251-9185-77CC7A6F26A6} = {3694CB03-EFCB-4FF6-A86B-78A12E8323A2}
		{87988469-1633-4A68-A865-D20CBE69A4FC} = {3694CB03-EFCB-4FF6-A86B-78A12E8323A2}
		{B695B60D-9541-4880-8D82-394154DDA033} = {3694CB03-EFCB-4FF6-A86B-78A12E8323A2}
		{885F073B-8538-4FB9-A694-6E87378781FB} = {EB4F8440-01B4-41D1-A0E7-52758383FB55}
		{9A547266-6876-4E22-A850-4F9D30E83BAC} = {BBB9C9F5-C07A-4EF1-AB54-0A843A7D1E76}
		{E6010217-DDD5-477D-96E9-C2473C16FB9E} = {F0CF26CA-E07D-4ED2-9F9A-23A3BBAC32D0}
		{047D0F4F-E99D-4FF7-A5E9-C573F0385343} = {577018FA-0822-4583-B08C-2047EF25E554}
		{D19EE0EB-8802-4889-AA36-93B6ECB08507} = {F1EFAB27-093C-4115-9DCB-5830903DEB6C}
		{07BE847B-6231-4CC3-AB63-0982AC1F0277} = {D899DE3D-C8B9-45EC-950F-28A601ABD27A}
		{207755DA-1C84-4470-827B-689C885DA084} = {D899DE3D-C8B9-45EC-950F-28A601ABD27A}
		{F842DF5A-A4E2-4374-A485-939C4D431882} = {D899DE3D-C8B9-45EC-950F-28A601ABD27A}
		{2914B179-7DEC-49C0-8FEF-C70BA235DB3B} = {D899DE3D-C8B9-45EC-950F-28A601ABD27A}
		{0CD0F437-0164-45A5-8470-DC1E305AF771} = {D899DE3D-C8B9-45EC-950F-28A601ABD27A}
		{1DD81C1D-8837-4679-A369-883CA486A277} = {3694CB03-EFCB-4FF6-A86B-78A12E8323A2}
		{7C22ED08-735D-48D5-8DB7-D04C31A200F1} = {6CDA58FC-29E7-4038-A8ED-07FC2FFBA172}
		{2EA0E942-EF2B-4C79-9FF6-CC16A6BC904E} = {7B8DD8FC-6CE9-4A07-998E-B5ECA2BB27B5}
	EndGlobalSection
	GlobalSection(ExtensibilityGlobals) = postSolution
		SolutionGuid = {0D64E812-8929-4A40-AA7D-CD28DB67CA9C}
	EndGlobalSection
EndGlobal
