
Microsoft Visual Studio Solution File, Format Version 12.00
# Visual Studio Version 17
VisualStudioVersion = 17.8.34330.188
MinimumVisualStudioVersion = 10.0.40219.1
Project("{2150E333-8FDC-42A3-9474-1A3956D46DE8}") = "90 Presentation", "90 Presentation", "{F0CF26CA-E07D-4ED2-9F9A-23A3BBAC32D0}"
EndProject
Project("{9A19103F-16F7-4668-BE54-9A1E7A4F7556}") = "BrewUp.Rest", "BrewUp.Rest\BrewUp.Rest.csproj", "{E8A0F1D0-41FC-4546-A04F-96F701058060}"
EndProject
Project("{2150E333-8FDC-42A3-9474-1A3956D46DE8}") = "50 Modules", "50 Modules", "{270BE04B-6371-4763-A178-03F7A21CD332}"
EndProject
Project("{2150E333-8FDC-42A3-9474-1A3956D46DE8}") = "Sales", "Sales", "{D899DE3D-C8B9-45EC-950F-28A601ABD27A}"
EndProject
Project("{2150E333-8FDC-42A3-9474-1A3956D46DE8}") = "Warehouses", "Warehouses", "{3694CB03-EFCB-4FF6-A86B-78A12E8323A2}"
EndProject
Project("{9A19103F-16F7-4668-BE54-9A1E7A4F7556}") = "BrewUp.Sales.Facade", "Sales\BrewUp.Sales.Facade\BrewUp.Sales.Facade.csproj", "{AFBA1997-4FAB-44D1-97B2-ACF09BA21E23}"
EndProject
Project("{9A19103F-16F7-4668-BE54-9A1E7A4F7556}") = "BrewUp.Warehouses.Facade", "Warehouses\BrewUp.Warehouses.Facade\BrewUp.Warehouses.Facade.csproj", "{59FA1821-6FF0-48CC-ACCB-B32CC1AC462F}"
EndProject
Project("{9A19103F-16F7-4668-BE54-9A1E7A4F7556}") = "BrewUp.Sales.Domain", "Sales\BrewUp.Sales.Domain\BrewUp.Sales.Domain.csproj", "{534316C3-3E98-4EF5-9F73-5DC756033A9F}"
EndProject
Project("{9A19103F-16F7-4668-BE54-9A1E7A4F7556}") = "BrewUp.Sales.ReadModel", "Sales\BrewUp.Sales.ReadModel\BrewUp.Sales.ReadModel.csproj", "{F40C3CDE-6C17-46B2-AFD6-D93A6F2BEB8B}"
EndProject
Project("{9A19103F-16F7-4668-BE54-9A1E7A4F7556}") = "BrewUp.Sales.SharedKernel", "Sales\BrewUp.Sales.SharedKernel\BrewUp.Sales.SharedKernel.csproj", "{0151C354-7E74-41CF-871A-9A4473248AF4}"
EndProject
Project("{9A19103F-16F7-4668-BE54-9A1E7A4F7556}") = "BrewUp.Warehouses.Domain", "Warehouses\BrewUp.Warehouses.Domain\BrewUp.Warehouses.Domain.csproj", "{6532E4AE-9586-4BD8-959A-356970763719}"
EndProject
Project("{9A19103F-16F7-4668-BE54-9A1E7A4F7556}") = "BrewUp.Warehouses.ReadModel", "Warehouses\BrewUp.Warehouses.ReadModel\BrewUp.Warehouses.ReadModel.csproj", "{F63CD54F-72B0-44D9-A463-F9F634F5088F}"
EndProject
Project("{9A19103F-16F7-4668-BE54-9A1E7A4F7556}") = "BrewUp.Warehouses.SharedKernel", "Warehouses\BrewUp.Warehouses.SharedKernel\BrewUp.Warehouses.SharedKernel.csproj", "{65E56221-B412-46CD-99D4-2D128157180D}"
EndProject
Project("{2150E333-8FDC-42A3-9474-1A3956D46DE8}") = "Mediator", "Mediator", "{F1EFAB27-093C-4115-9DCB-5830903DEB6C}"
EndProject
Project("{9A19103F-16F7-4668-BE54-9A1E7A4F7556}") = "BrewUp.Mediator", "BrewUp.Mediator\BrewUp.Mediator.csproj", "{428FB955-3B0D-40F2-B772-096225F4A86E}"
EndProject
Project("{2150E333-8FDC-42A3-9474-1A3956D46DE8}") = "30 Shared", "30 Shared", "{EB4F8440-01B4-41D1-A0E7-52758383FB55}"
EndProject
Project("{9A19103F-16F7-4668-BE54-9A1E7A4F7556}") = "BrewUp.Shared", "BrewUp.Shared\BrewUp.Shared.csproj", "{C45652E5-B3AA-48EF-81BD-A8AC568CA176}"
EndProject
Project("{2150E333-8FDC-42A3-9474-1A3956D46DE8}") = "80 Infrastructure", "80 Infrastructure", "{BBB9C9F5-C07A-4EF1-AB54-0A843A7D1E76}"
EndProject
Project("{9A19103F-16F7-4668-BE54-9A1E7A4F7556}") = "BrewUp.Infrastructure", "BrewUp.Infrastructure\BrewUp.Infrastructure.csproj", "{97CA41E4-6AB0-4599-BE33-CDC10B2DC158}"
EndProject
Project("{9A19103F-16F7-4668-BE54-9A1E7A4F7556}") = "BrewUp.Sales.Infrastructures", "Sales\BrewUp.Sales.Infrastructures\BrewUp.Sales.Infrastructures.csproj", "{C786E8D1-FA93-433B-8D0A-AE096DCFF8DC}"
EndProject
Project("{2150E333-8FDC-42A3-9474-1A3956D46DE8}") = "Tests", "Tests", "{577018FA-0822-4583-B08C-2047EF25E554}"
EndProject
Project("{FAE04EC0-301F-11D3-BF4B-00C04F79EFBC}") = "BrewUp.Rest.Tests", "BrewUp.Rest.Tests\BrewUp.Rest.Tests.csproj", "{9080C4E1-37FC-4D16-9D63-43016D70066D}"
EndProject
Project("{2150E333-8FDC-42A3-9474-1A3956D46DE8}") = "Tests", "Tests", "{6CDA58FC-29E7-4038-A8ED-07FC2FFBA172}"
EndProject
Project("{2150E333-8FDC-42A3-9474-1A3956D46DE8}") = "Tests", "Tests", "{7B8DD8FC-6CE9-4A07-998E-B5ECA2BB27B5}"
EndProject
Project("{FAE04EC0-301F-11D3-BF4B-00C04F79EFBC}") = "BrewUp.Saless.Architecture.Tests", "Sales\BrewUp.Saless.Architecture.Tests\BrewUp.Saless.Architecture.Tests.csproj", "{5549B6BC-F61F-4DCF-91E3-973567238F5C}"
EndProject
Project("{9A19103F-16F7-4668-BE54-9A1E7A4F7556}") = "BrewUp.Warehouses.Architecture.Tests", "Warehouses\BrewUp.Warehouses.Architecture.Tests\BrewUp.Warehouses.Architecture.Tests.csproj", "{74E63068-48CE-4C13-BA9C-AC606B38DDE6}"
EndProject
Global
	GlobalSection(SolutionConfigurationPlatforms) = preSolution
		Debug|Any CPU = Debug|Any CPU
		Release|Any CPU = Release|Any CPU
	EndGlobalSection
	GlobalSection(ProjectConfigurationPlatforms) = postSolution
		{E8A0F1D0-41FC-4546-A04F-96F701058060}.Debug|Any CPU.ActiveCfg = Debug|Any CPU
		{E8A0F1D0-41FC-4546-A04F-96F701058060}.Debug|Any CPU.Build.0 = Debug|Any CPU
		{E8A0F1D0-41FC-4546-A04F-96F701058060}.Release|Any CPU.ActiveCfg = Release|Any CPU
		{E8A0F1D0-41FC-4546-A04F-96F701058060}.Release|Any CPU.Build.0 = Release|Any CPU
		{AFBA1997-4FAB-44D1-97B2-ACF09BA21E23}.Debug|Any CPU.ActiveCfg = Debug|Any CPU
		{AFBA1997-4FAB-44D1-97B2-ACF09BA21E23}.Debug|Any CPU.Build.0 = Debug|Any CPU
		{AFBA1997-4FAB-44D1-97B2-ACF09BA21E23}.Release|Any CPU.ActiveCfg = Release|Any CPU
		{AFBA1997-4FAB-44D1-97B2-ACF09BA21E23}.Release|Any CPU.Build.0 = Release|Any CPU
		{59FA1821-6FF0-48CC-ACCB-B32CC1AC462F}.Debug|Any CPU.ActiveCfg = Debug|Any CPU
		{59FA1821-6FF0-48CC-ACCB-B32CC1AC462F}.Debug|Any CPU.Build.0 = Debug|Any CPU
		{59FA1821-6FF0-48CC-ACCB-B32CC1AC462F}.Release|Any CPU.ActiveCfg = Release|Any CPU
		{59FA1821-6FF0-48CC-ACCB-B32CC1AC462F}.Release|Any CPU.Build.0 = Release|Any CPU
		{534316C3-3E98-4EF5-9F73-5DC756033A9F}.Debug|Any CPU.ActiveCfg = Debug|Any CPU
		{534316C3-3E98-4EF5-9F73-5DC756033A9F}.Debug|Any CPU.Build.0 = Debug|Any CPU
		{534316C3-3E98-4EF5-9F73-5DC756033A9F}.Release|Any CPU.ActiveCfg = Release|Any CPU
		{534316C3-3E98-4EF5-9F73-5DC756033A9F}.Release|Any CPU.Build.0 = Release|Any CPU
		{F40C3CDE-6C17-46B2-AFD6-D93A6F2BEB8B}.Debug|Any CPU.ActiveCfg = Debug|Any CPU
		{F40C3CDE-6C17-46B2-AFD6-D93A6F2BEB8B}.Debug|Any CPU.Build.0 = Debug|Any CPU
		{F40C3CDE-6C17-46B2-AFD6-D93A6F2BEB8B}.Release|Any CPU.ActiveCfg = Release|Any CPU
		{F40C3CDE-6C17-46B2-AFD6-D93A6F2BEB8B}.Release|Any CPU.Build.0 = Release|Any CPU
		{0151C354-7E74-41CF-871A-9A4473248AF4}.Debug|Any CPU.ActiveCfg = Debug|Any CPU
		{0151C354-7E74-41CF-871A-9A4473248AF4}.Debug|Any CPU.Build.0 = Debug|Any CPU
		{0151C354-7E74-41CF-871A-9A4473248AF4}.Release|Any CPU.ActiveCfg = Release|Any CPU
		{0151C354-7E74-41CF-871A-9A4473248AF4}.Release|Any CPU.Build.0 = Release|Any CPU
		{6532E4AE-9586-4BD8-959A-356970763719}.Debug|Any CPU.ActiveCfg = Debug|Any CPU
		{6532E4AE-9586-4BD8-959A-356970763719}.Debug|Any CPU.Build.0 = Debug|Any CPU
		{6532E4AE-9586-4BD8-959A-356970763719}.Release|Any CPU.ActiveCfg = Release|Any CPU
		{6532E4AE-9586-4BD8-959A-356970763719}.Release|Any CPU.Build.0 = Release|Any CPU
		{F63CD54F-72B0-44D9-A463-F9F634F5088F}.Debug|Any CPU.ActiveCfg = Debug|Any CPU
		{F63CD54F-72B0-44D9-A463-F9F634F5088F}.Debug|Any CPU.Build.0 = Debug|Any CPU
		{F63CD54F-72B0-44D9-A463-F9F634F5088F}.Release|Any CPU.ActiveCfg = Release|Any CPU
		{F63CD54F-72B0-44D9-A463-F9F634F5088F}.Release|Any CPU.Build.0 = Release|Any CPU
		{65E56221-B412-46CD-99D4-2D128157180D}.Debug|Any CPU.ActiveCfg = Debug|Any CPU
		{65E56221-B412-46CD-99D4-2D128157180D}.Debug|Any CPU.Build.0 = Debug|Any CPU
		{65E56221-B412-46CD-99D4-2D128157180D}.Release|Any CPU.ActiveCfg = Release|Any CPU
		{65E56221-B412-46CD-99D4-2D128157180D}.Release|Any CPU.Build.0 = Release|Any CPU
		{428FB955-3B0D-40F2-B772-096225F4A86E}.Debug|Any CPU.ActiveCfg = Debug|Any CPU
		{428FB955-3B0D-40F2-B772-096225F4A86E}.Debug|Any CPU.Build.0 = Debug|Any CPU
		{428FB955-3B0D-40F2-B772-096225F4A86E}.Release|Any CPU.ActiveCfg = Release|Any CPU
		{428FB955-3B0D-40F2-B772-096225F4A86E}.Release|Any CPU.Build.0 = Release|Any CPU
		{C45652E5-B3AA-48EF-81BD-A8AC568CA176}.Debug|Any CPU.ActiveCfg = Debug|Any CPU
		{C45652E5-B3AA-48EF-81BD-A8AC568CA176}.Debug|Any CPU.Build.0 = Debug|Any CPU
		{C45652E5-B3AA-48EF-81BD-A8AC568CA176}.Release|Any CPU.ActiveCfg = Release|Any CPU
		{C45652E5-B3AA-48EF-81BD-A8AC568CA176}.Release|Any CPU.Build.0 = Release|Any CPU
		{97CA41E4-6AB0-4599-BE33-CDC10B2DC158}.Debug|Any CPU.ActiveCfg = Debug|Any CPU
		{97CA41E4-6AB0-4599-BE33-CDC10B2DC158}.Debug|Any CPU.Build.0 = Debug|Any CPU
		{97CA41E4-6AB0-4599-BE33-CDC10B2DC158}.Release|Any CPU.ActiveCfg = Release|Any CPU
		{97CA41E4-6AB0-4599-BE33-CDC10B2DC158}.Release|Any CPU.Build.0 = Release|Any CPU
		{C786E8D1-FA93-433B-8D0A-AE096DCFF8DC}.Debug|Any CPU.ActiveCfg = Debug|Any CPU
		{C786E8D1-FA93-433B-8D0A-AE096DCFF8DC}.Debug|Any CPU.Build.0 = Debug|Any CPU
		{C786E8D1-FA93-433B-8D0A-AE096DCFF8DC}.Release|Any CPU.ActiveCfg = Release|Any CPU
		{C786E8D1-FA93-433B-8D0A-AE096DCFF8DC}.Release|Any CPU.Build.0 = Release|Any CPU
		{9080C4E1-37FC-4D16-9D63-43016D70066D}.Debug|Any CPU.ActiveCfg = Debug|Any CPU
		{9080C4E1-37FC-4D16-9D63-43016D70066D}.Debug|Any CPU.Build.0 = Debug|Any CPU
		{9080C4E1-37FC-4D16-9D63-43016D70066D}.Release|Any CPU.ActiveCfg = Release|Any CPU
		{9080C4E1-37FC-4D16-9D63-43016D70066D}.Release|Any CPU.Build.0 = Release|Any CPU
		{5549B6BC-F61F-4DCF-91E3-973567238F5C}.Debug|Any CPU.ActiveCfg = Debug|Any CPU
		{5549B6BC-F61F-4DCF-91E3-973567238F5C}.Debug|Any CPU.Build.0 = Debug|Any CPU
		{5549B6BC-F61F-4DCF-91E3-973567238F5C}.Release|Any CPU.ActiveCfg = Release|Any CPU
		{5549B6BC-F61F-4DCF-91E3-973567238F5C}.Release|Any CPU.Build.0 = Release|Any CPU
		{74E63068-48CE-4C13-BA9C-AC606B38DDE6}.Debug|Any CPU.ActiveCfg = Debug|Any CPU
		{74E63068-48CE-4C13-BA9C-AC606B38DDE6}.Debug|Any CPU.Build.0 = Debug|Any CPU
		{74E63068-48CE-4C13-BA9C-AC606B38DDE6}.Release|Any CPU.ActiveCfg = Release|Any CPU
		{74E63068-48CE-4C13-BA9C-AC606B38DDE6}.Release|Any CPU.Build.0 = Release|Any CPU
	EndGlobalSection
	GlobalSection(SolutionProperties) = preSolution
		HideSolutionNode = FALSE
	EndGlobalSection
	GlobalSection(NestedProjects) = preSolution
		{E8A0F1D0-41FC-4546-A04F-96F701058060} = {F0CF26CA-E07D-4ED2-9F9A-23A3BBAC32D0}
		{D899DE3D-C8B9-45EC-950F-28A601ABD27A} = {270BE04B-6371-4763-A178-03F7A21CD332}
		{3694CB03-EFCB-4FF6-A86B-78A12E8323A2} = {270BE04B-6371-4763-A178-03F7A21CD332}
		{AFBA1997-4FAB-44D1-97B2-ACF09BA21E23} = {D899DE3D-C8B9-45EC-950F-28A601ABD27A}
		{59FA1821-6FF0-48CC-ACCB-B32CC1AC462F} = {3694CB03-EFCB-4FF6-A86B-78A12E8323A2}
		{534316C3-3E98-4EF5-9F73-5DC756033A9F} = {D899DE3D-C8B9-45EC-950F-28A601ABD27A}
		{F40C3CDE-6C17-46B2-AFD6-D93A6F2BEB8B} = {D899DE3D-C8B9-45EC-950F-28A601ABD27A}
		{0151C354-7E74-41CF-871A-9A4473248AF4} = {D899DE3D-C8B9-45EC-950F-28A601ABD27A}
		{6532E4AE-9586-4BD8-959A-356970763719} = {3694CB03-EFCB-4FF6-A86B-78A12E8323A2}
		{F63CD54F-72B0-44D9-A463-F9F634F5088F} = {3694CB03-EFCB-4FF6-A86B-78A12E8323A2}
		{65E56221-B412-46CD-99D4-2D128157180D} = {3694CB03-EFCB-4FF6-A86B-78A12E8323A2}
		{F1EFAB27-093C-4115-9DCB-5830903DEB6C} = {270BE04B-6371-4763-A178-03F7A21CD332}
		{428FB955-3B0D-40F2-B772-096225F4A86E} = {F1EFAB27-093C-4115-9DCB-5830903DEB6C}
		{C45652E5-B3AA-48EF-81BD-A8AC568CA176} = {EB4F8440-01B4-41D1-A0E7-52758383FB55}
		{97CA41E4-6AB0-4599-BE33-CDC10B2DC158} = {BBB9C9F5-C07A-4EF1-AB54-0A843A7D1E76}
		{C786E8D1-FA93-433B-8D0A-AE096DCFF8DC} = {D899DE3D-C8B9-45EC-950F-28A601ABD27A}
		{577018FA-0822-4583-B08C-2047EF25E554} = {F0CF26CA-E07D-4ED2-9F9A-23A3BBAC32D0}
		{9080C4E1-37FC-4D16-9D63-43016D70066D} = {577018FA-0822-4583-B08C-2047EF25E554}
		{6CDA58FC-29E7-4038-A8ED-07FC2FFBA172} = {3694CB03-EFCB-4FF6-A86B-78A12E8323A2}
		{7B8DD8FC-6CE9-4A07-998E-B5ECA2BB27B5} = {D899DE3D-C8B9-45EC-950F-28A601ABD27A}
		{5549B6BC-F61F-4DCF-91E3-973567238F5C} = {7B8DD8FC-6CE9-4A07-998E-B5ECA2BB27B5}
		{74E63068-48CE-4C13-BA9C-AC606B38DDE6} = {6CDA58FC-29E7-4038-A8ED-07FC2FFBA172}
	EndGlobalSection
	GlobalSection(ExtensibilityGlobals) = postSolution
		SolutionGuid = {0D64E812-8929-4A40-AA7D-CD28DB67CA9C}
	EndGlobalSection
EndGlobal
